{
  "lockfileVersion": 1,
  "configVersion": 1,
  "workspaces": {
    "": {
      "name": "atcoder-shorter-affiliation",
      "dependencies": {
        "string-width": "^8.2.0",
      },
      "devDependencies": {
        "@biomejs/biome": "2.4.13",
        "husky": "^9.1.7",
        "typescript": "^5.9.2",
        "vite": "^7.1.3",
        "vite-plugin-monkey": "^7.1.1",
      },
    },
  },
  "packages": {
    "@biomejs/biome": ["@biomejs/biome@2.4.13", "", { "optionalDependencies": { "@biomejs/cli-darwin-arm64": "2.4.13", "@biomejs/cli-darwin-x64": "2.4.13", "@biomejs/cli-linux-arm64": "2.4.13", "@biomejs/cli-linux-arm64-musl": "2.4.13", "@biomejs/cli-linux-x64": "2.4.13", "@biomejs/cli-linux-x64-musl": "2.4.13", "@biomejs/cli-win32-arm64": "2.4.13", "@biomejs/cli-win32-x64": "2.4.13" }, "bin": { "biome": "bin/biome" } }, "sha512-gLXOwkOBBg0tr7bDsqlkIh4uFeKuMjxvqsrb1Tukww1iDmHcfr4Uu8MoQxp0Rcte+69+osRNWXwHsu/zxT6XqA=="],

    "@biomejs/cli-darwin-arm64": ["@biomejs/cli-darwin-arm64@2.4.13", "", { "os": "darwin", "cpu": "arm64" }, "sha512-2KImO1jhNFBa2oWConyr0x6flxbQpGKv6902uGXpYM62Xyem8U80j441SyUJ8KyngsmKbQjeIv1q2CQfDkNnYg=="],

    "@biomejs/cli-darwin-x64": ["@biomejs/cli-darwin-x64@2.4.13", "", { "os": "darwin", "cpu": "x64" }, "sha512-BKrJklbaFN4p1Ts4kPBczo+PkbsHQg57kmJ+vON9u2t6uN5okYHaSr7h/MutPCWQgg2lglaWoSmm+zhYW+oOkg=="],

    "@biomejs/cli-linux-arm64": ["@biomejs/cli-linux-arm64@2.4.13", "", { "os": "linux", "cpu": "arm64" }, "sha512-NzkUDSqfvMBrPplKgVr3aXLHZ2NEELvvF4vZxXulEylKWIGqlvNEcwUcj9OLrn75TD3lJ/GIqCVlBwd1MZCuYQ=="],

    "@biomejs/cli-linux-arm64-musl": ["@biomejs/cli-linux-arm64-musl@2.4.13", "", { "os": "linux", "cpu": "arm64" }, "sha512-U5MsuBQW25dXaYtqWWSPM3P96H6Y+fHuja3TQpMNnylocHW0tEbtFTDlUj6oM+YJLntvEkQy4grBvQNUD4+RCg=="],

    "@biomejs/cli-linux-x64": ["@biomejs/cli-linux-x64@2.4.13", "", { "os": "linux", "cpu": "x64" }, "sha512-Az3ZZedYRBo9EQzNnD9SxFcR1G5QsGo6VEc2hIyVPZ1rdKwee/7E9oeBBZFpE8Z44ekxsDQBqbiWGW5ShOhUSQ=="],

    "@biomejs/cli-linux-x64-musl": ["@biomejs/cli-linux-x64-musl@2.4.13", "", { "os": "linux", "cpu": "x64" }, "sha512-Z601MienRgTBDza/+u2CH3RSrWoXo9rtr8NK6A4KJzqGgfxx+H3VlyLgTJ4sRo40T3pIsqpTmiOQEvYzQvBRvQ=="],

    "@biomejs/cli-win32-arm64": ["@biomejs/cli-win32-arm64@2.4.13", "", { "os": "win32", "cpu": "arm64" }, "sha512-Px9PS2B5/Q183bUwy/5VHqp3J2lzdOCeVGzMpphYfl8oSa7VDCqenBdqWpy6DCy/en4Rbf/Y1RieZF6dJPcc9A=="],

    "@biomejs/cli-win32-x64": ["@biomejs/cli-win32-x64@2.4.13", "", { "os": "win32", "cpu": "x64" }, "sha512-tTcMkXyBrmHi9BfrD2VNHs/5rYIUKETqsBlYOvSAABwBkJhSDVb5e7wPukftsQbO3WzQkXe6kaztC6WtUOXSoQ=="],

    "@esbuild/aix-ppc64": ["@esbuild/aix-ppc64@0.27.7", "", { "os": "aix", "cpu": "ppc64" }, "sha512-EKX3Qwmhz1eMdEJokhALr0YiD0lhQNwDqkPYyPhiSwKrh7/4KRjQc04sZ8db+5DVVnZ1LmbNDI1uAMPEUBnQPg=="],

    "@esbuild/android-arm": ["@esbuild/android-arm@0.27.7", "", { "os": "android", "cpu": "arm" }, "sha512-jbPXvB4Yj2yBV7HUfE2KHe4GJX51QplCN1pGbYjvsyCZbQmies29EoJbkEc+vYuU5o45AfQn37vZlyXy4YJ8RQ=="],

    "@esbuild/android-arm64": ["@esbuild/android-arm64@0.27.7", "", { "os": "android", "cpu": "arm64" }, "sha512-62dPZHpIXzvChfvfLJow3q5dDtiNMkwiRzPylSCfriLvZeq0a1bWChrGx/BbUbPwOrsWKMn8idSllklzBy+dgQ=="],

    "@esbuild/android-x64": ["@esbuild/android-x64@0.27.7", "", { "os": "android", "cpu": "x64" }, "sha512-x5VpMODneVDb70PYV2VQOmIUUiBtY3D3mPBG8NxVk5CogneYhkR7MmM3yR/uMdITLrC1ml/NV1rj4bMJuy9MCg=="],

    "@esbuild/darwin-arm64": ["@esbuild/darwin-arm64@0.27.7", "", { "os": "darwin", "cpu": "arm64" }, "sha512-5lckdqeuBPlKUwvoCXIgI2D9/ABmPq3Rdp7IfL70393YgaASt7tbju3Ac+ePVi3KDH6N2RqePfHnXkaDtY9fkw=="],

    "@esbuild/darwin-x64": ["@esbuild/darwin-x64@0.27.7", "", { "os": "darwin", "cpu": "x64" }, "sha512-rYnXrKcXuT7Z+WL5K980jVFdvVKhCHhUwid+dDYQpH+qu+TefcomiMAJpIiC2EM3Rjtq0sO3StMV/+3w3MyyqQ=="],

    "@esbuild/freebsd-arm64": ["@esbuild/freebsd-arm64@0.27.7", "", { "os": "freebsd", "cpu": "arm64" }, "sha512-B48PqeCsEgOtzME2GbNM2roU29AMTuOIN91dsMO30t+Ydis3z/3Ngoj5hhnsOSSwNzS+6JppqWsuhTp6E82l2w=="],

    "@esbuild/freebsd-x64": ["@esbuild/freebsd-x64@0.27.7", "", { "os": "freebsd", "cpu": "x64" }, "sha512-jOBDK5XEjA4m5IJK3bpAQF9/Lelu/Z9ZcdhTRLf4cajlB+8VEhFFRjWgfy3M1O4rO2GQ/b2dLwCUGpiF/eATNQ=="],

    "@esbuild/linux-arm": ["@esbuild/linux-arm@0.27.7", "", { "os": "linux", "cpu": "arm" }, "sha512-RkT/YXYBTSULo3+af8Ib0ykH8u2MBh57o7q/DAs3lTJlyVQkgQvlrPTnjIzzRPQyavxtPtfg0EopvDyIt0j1rA=="],

    "@esbuild/linux-arm64": ["@esbuild/linux-arm64@0.27.7", "", { "os": "linux", "cpu": "arm64" }, "sha512-RZPHBoxXuNnPQO9rvjh5jdkRmVizktkT7TCDkDmQ0W2SwHInKCAV95GRuvdSvA7w4VMwfCjUiPwDi0ZO6Nfe9A=="],

    "@esbuild/linux-ia32": ["@esbuild/linux-ia32@0.27.7", "", { "os": "linux", "cpu": "ia32" }, "sha512-GA48aKNkyQDbd3KtkplYWT102C5sn/EZTY4XROkxONgruHPU72l+gW+FfF8tf2cFjeHaRbWpOYa/uRBz/Xq1Pg=="],

    "@esbuild/linux-loong64": ["@esbuild/linux-loong64@0.27.7", "", { "os": "linux", "cpu": "none" }, "sha512-a4POruNM2oWsD4WKvBSEKGIiWQF8fZOAsycHOt6JBpZ+JN2n2JH9WAv56SOyu9X5IqAjqSIPTaJkqN8F7XOQ5Q=="],

    "@esbuild/linux-mips64el": ["@esbuild/linux-mips64el@0.27.7", "", { "os": "linux", "cpu": "none" }, "sha512-KabT5I6StirGfIz0FMgl1I+R1H73Gp0ofL9A3nG3i/cYFJzKHhouBV5VWK1CSgKvVaG4q1RNpCTR2LuTVB3fIw=="],

    "@esbuild/linux-ppc64": ["@esbuild/linux-ppc64@0.27.7", "", { "os": "linux", "cpu": "ppc64" }, "sha512-gRsL4x6wsGHGRqhtI+ifpN/vpOFTQtnbsupUF5R5YTAg+y/lKelYR1hXbnBdzDjGbMYjVJLJTd2OFmMewAgwlQ=="],

    "@esbuild/linux-riscv64": ["@esbuild/linux-riscv64@0.27.7", "", { "os": "linux", "cpu": "none" }, "sha512-hL25LbxO1QOngGzu2U5xeXtxXcW+/GvMN3ejANqXkxZ/opySAZMrc+9LY/WyjAan41unrR3YrmtTsUpwT66InQ=="],

    "@esbuild/linux-s390x": ["@esbuild/linux-s390x@0.27.7", "", { "os": "linux", "cpu": "s390x" }, "sha512-2k8go8Ycu1Kb46vEelhu1vqEP+UeRVj2zY1pSuPdgvbd5ykAw82Lrro28vXUrRmzEsUV0NzCf54yARIK8r0fdw=="],

    "@esbuild/linux-x64": ["@esbuild/linux-x64@0.27.7", "", { "os": "linux", "cpu": "x64" }, "sha512-hzznmADPt+OmsYzw1EE33ccA+HPdIqiCRq7cQeL1Jlq2gb1+OyWBkMCrYGBJ+sxVzve2ZJEVeePbLM2iEIZSxA=="],

    "@esbuild/netbsd-arm64": ["@esbuild/netbsd-arm64@0.27.7", "", { "os": "none", "cpu": "arm64" }, "sha512-b6pqtrQdigZBwZxAn1UpazEisvwaIDvdbMbmrly7cDTMFnw/+3lVxxCTGOrkPVnsYIosJJXAsILG9XcQS+Yu6w=="],

    "@esbuild/netbsd-x64": ["@esbuild/netbsd-x64@0.27.7", "", { "os": "none", "cpu": "x64" }, "sha512-OfatkLojr6U+WN5EDYuoQhtM+1xco+/6FSzJJnuWiUw5eVcicbyK3dq5EeV/QHT1uy6GoDhGbFpprUiHUYggrw=="],

    "@esbuild/openbsd-arm64": ["@esbuild/openbsd-arm64@0.27.7", "", { "os": "openbsd", "cpu": "arm64" }, "sha512-AFuojMQTxAz75Fo8idVcqoQWEHIXFRbOc1TrVcFSgCZtQfSdc1RXgB3tjOn/krRHENUB4j00bfGjyl2mJrU37A=="],

    "@esbuild/openbsd-x64": ["@esbuild/openbsd-x64@0.27.7", "", { "os": "openbsd", "cpu": "x64" }, "sha512-+A1NJmfM8WNDv5CLVQYJ5PshuRm/4cI6WMZRg1by1GwPIQPCTs1GLEUHwiiQGT5zDdyLiRM/l1G0Pv54gvtKIg=="],

    "@esbuild/openharmony-arm64": ["@esbuild/openharmony-arm64@0.27.7", "", { "os": "none", "cpu": "arm64" }, "sha512-+KrvYb/C8zA9CU/g0sR6w2RBw7IGc5J2BPnc3dYc5VJxHCSF1yNMxTV5LQ7GuKteQXZtspjFbiuW5/dOj7H4Yw=="],

    "@esbuild/sunos-x64": ["@esbuild/sunos-x64@0.27.7", "", { "os": "sunos", "cpu": "x64" }, "sha512-ikktIhFBzQNt/QDyOL580ti9+5mL/YZeUPKU2ivGtGjdTYoqz6jObj6nOMfhASpS4GU4Q/Clh1QtxWAvcYKamA=="],

    "@esbuild/win32-arm64": ["@esbuild/win32-arm64@0.27.7", "", { "os": "win32", "cpu": "arm64" }, "sha512-7yRhbHvPqSpRUV7Q20VuDwbjW5kIMwTHpptuUzV+AA46kiPze5Z7qgt6CLCK3pWFrHeNfDd1VKgyP4O+ng17CA=="],

    "@esbuild/win32-ia32": ["@esbuild/win32-ia32@0.27.7", "", { "os": "win32", "cpu": "ia32" }, "sha512-SmwKXe6VHIyZYbBLJrhOoCJRB/Z1tckzmgTLfFYOfpMAx63BJEaL9ExI8x7v0oAO3Zh6D/Oi1gVxEYr5oUCFhw=="],

    "@esbuild/win32-x64": ["@esbuild/win32-x64@0.27.7", "", { "os": "win32", "cpu": "x64" }, "sha512-56hiAJPhwQ1R4i+21FVF7V8kSD5zZTdHcVuRFMW0hn753vVfQN8xlx4uOPT4xoGH0Z/oVATuR82AiqSTDIpaHg=="],

    "@jridgewell/sourcemap-codec": ["@jridgewell/sourcemap-codec@1.5.5", "", {}, "sha512-cYQ9310grqxueWbl+WuIUIaiUaDcj7WOq5fVhEljNVgRfOUhY9fy2zTvfoqWsnebh8Sl70VScFbICvJnLKB0Og=="],

    "@rollup/rollup-android-arm-eabi": ["@rollup/rollup-android-arm-eabi@4.60.2", "", { "os": "android", "cpu": "arm" }, "sha512-dnlp69efPPg6Uaw2dVqzWRfAWRnYVb1XJ8CyyhIbZeaq4CA5/mLeZ1IEt9QqQxmbdvagjLIm2ZL8BxXv5lH4Yw=="],

    "@rollup/rollup-android-arm64": ["@rollup/rollup-android-arm64@4.60.2", "", { "os": "android", "cpu": "arm64" }, "sha512-OqZTwDRDchGRHHm/hwLOL7uVPB9aUvI0am/eQuWMNyFHf5PSEQmyEeYYheA0EPPKUO/l0uigCp+iaTjoLjVoHg=="],

    "@rollup/rollup-darwin-arm64": ["@rollup/rollup-darwin-arm64@4.60.2", "", { "os": "darwin", "cpu": "arm64" }, "sha512-UwRE7CGpvSVEQS8gUMBe1uADWjNnVgP3Iusyda1nSRwNDCsRjnGc7w6El6WLQsXmZTbLZx9cecegumcitNfpmA=="],

    "@rollup/rollup-darwin-x64": ["@rollup/rollup-darwin-x64@4.60.2", "", { "os": "darwin", "cpu": "x64" }, "sha512-gjEtURKLCC5VXm1I+2i1u9OhxFsKAQJKTVB8WvDAHF+oZlq0GTVFOlTlO1q3AlCTE/DF32c16ESvfgqR7343/g=="],

    "@rollup/rollup-freebsd-arm64": ["@rollup/rollup-freebsd-arm64@4.60.2", "", { "os": "freebsd", "cpu": "arm64" }, "sha512-Bcl6CYDeAgE70cqZaMojOi/eK63h5Me97ZqAQoh77VPjMysA/4ORQBRGo3rRy45x4MzVlU9uZxs8Uwy7ZaKnBw=="],

    "@rollup/rollup-freebsd-x64": ["@rollup/rollup-freebsd-x64@4.60.2", "", { "os": "freebsd", "cpu": "x64" }, "sha512-LU+TPda3mAE2QB0/Hp5VyeKJivpC6+tlOXd1VMoXV/YFMvk/MNk5iXeBfB4MQGRWyOYVJ01625vjkr0Az98OJQ=="],

    "@rollup/rollup-linux-arm-gnueabihf": ["@rollup/rollup-linux-arm-gnueabihf@4.60.2", "", { "os": "linux", "cpu": "arm" }, "sha512-2QxQrM+KQ7DAW4o22j+XZ6RKdxjLD7BOWTP0Bv0tmjdyhXSsr2Ul1oJDQqh9Zf5qOwTuTc7Ek83mOFaKnodPjg=="],

    "@rollup/rollup-linux-arm-musleabihf": ["@rollup/rollup-linux-arm-musleabihf@4.60.2", "", { "os": "linux", "cpu": "arm" }, "sha512-TbziEu2DVsTEOPif2mKWkMeDMLoYjx95oESa9fkQQK7r/Orta0gnkcDpzwufEcAO2BLBsD7mZkXGFqEdMRRwfw=="],

    "@rollup/rollup-linux-arm64-gnu": ["@rollup/rollup-linux-arm64-gnu@4.60.2", "", { "os": "linux", "cpu": "arm64" }, "sha512-bO/rVDiDUuM2YfuCUwZ1t1cP+/yqjqz+Xf2VtkdppefuOFS2OSeAfgafaHNkFn0t02hEyXngZkxtGqXcXwO8Rg=="],

    "@rollup/rollup-linux-arm64-musl": ["@rollup/rollup-linux-arm64-musl@4.60.2", "", { "os": "linux", "cpu": "arm64" }, "sha512-hr26p7e93Rl0Za+JwW7EAnwAvKkehh12BU1Llm9Ykiibg4uIr2rbpxG9WCf56GuvidlTG9KiiQT/TXT1yAWxTA=="],

    "@rollup/rollup-linux-loong64-gnu": ["@rollup/rollup-linux-loong64-gnu@4.60.2", "", { "os": "linux", "cpu": "none" }, "sha512-pOjB/uSIyDt+ow3k/RcLvUAOGpysT2phDn7TTUB3n75SlIgZzM6NKAqlErPhoFU+npgY3/n+2HYIQVbF70P9/A=="],

    "@rollup/rollup-linux-loong64-musl": ["@rollup/rollup-linux-loong64-musl@4.60.2", "", { "os": "linux", "cpu": "none" }, "sha512-2/w+q8jszv9Ww1c+6uJT3OwqhdmGP2/4T17cu8WuwyUuuaCDDJ2ojdyYwZzCxx0GcsZBhzi3HmH+J5pZNXnd+Q=="],

    "@rollup/rollup-linux-ppc64-gnu": ["@rollup/rollup-linux-ppc64-gnu@4.60.2", "", { "os": "linux", "cpu": "ppc64" }, "sha512-11+aL5vKheYgczxtPVVRhdptAM2H7fcDR5Gw4/bTcteuZBlH4oP9f5s9zYO9aGZvoGeBpqXI/9TZZihZ609wKw=="],

    "@rollup/rollup-linux-ppc64-musl": ["@rollup/rollup-linux-ppc64-musl@4.60.2", "", { "os": "linux", "cpu": "ppc64" }, "sha512-i16fokAGK46IVZuV8LIIwMdtqhin9hfYkCh8pf8iC3QU3LpwL+1FSFGej+O7l3E/AoknL6Dclh2oTdnRMpTzFQ=="],

    "@rollup/rollup-linux-riscv64-gnu": ["@rollup/rollup-linux-riscv64-gnu@4.60.2", "", { "os": "linux", "cpu": "none" }, "sha512-49FkKS6RGQoriDSK/6E2GkAsAuU5kETFCh7pG4yD/ylj9rKhTmO3elsnmBvRD4PgJPds5W2PkhC82aVwmUcJ7A=="],

    "@rollup/rollup-linux-riscv64-musl": ["@rollup/rollup-linux-riscv64-musl@4.60.2", "", { "os": "linux", "cpu": "none" }, "sha512-mjYNkHPfGpUR00DuM1ZZIgs64Hpf4bWcz9Z41+4Q+pgDx73UwWdAYyf6EG/lRFldmdHHzgrYyge5akFUW0D3mQ=="],

    "@rollup/rollup-linux-s390x-gnu": ["@rollup/rollup-linux-s390x-gnu@4.60.2", "", { "os": "linux", "cpu": "s390x" }, "sha512-ALyvJz965BQk8E9Al/JDKKDLH2kfKFLTGMlgkAbbYtZuJt9LU8DW3ZoDMCtQpXAltZxwBHevXz5u+gf0yA0YoA=="],

    "@rollup/rollup-linux-x64-gnu": ["@rollup/rollup-linux-x64-gnu@4.60.2", "", { "os": "linux", "cpu": "x64" }, "sha512-UQjrkIdWrKI626Du8lCQ6MJp/6V1LAo2bOK9OTu4mSn8GGXIkPXk/Vsp4bLHCd9Z9Iz2OTEaokUE90VweJgIYQ=="],

    "@rollup/rollup-linux-x64-musl": ["@rollup/rollup-linux-x64-musl@4.60.2", "", { "os": "linux", "cpu": "x64" }, "sha512-bTsRGj6VlSdn/XD4CGyzMnzaBs9bsRxy79eTqTCBsA8TMIEky7qg48aPkvJvFe1HyzQ5oMZdg7AnVlWQSKLTnw=="],

    "@rollup/rollup-openbsd-x64": ["@rollup/rollup-openbsd-x64@4.60.2", "", { "os": "openbsd", "cpu": "x64" }, "sha512-6d4Z3534xitaA1FcMWP7mQPq5zGwBmGbhphh2DwaA1aNIXUu3KTOfwrWpbwI4/Gr0uANo7NTtaykFyO2hPuFLg=="],

    "@rollup/rollup-openharmony-arm64": ["@rollup/rollup-openharmony-arm64@4.60.2", "", { "os": "none", "cpu": "arm64" }, "sha512-NetAg5iO2uN7eB8zE5qrZ3CSil+7IJt4WDFLcC75Ymywq1VZVD6qJ6EvNLjZ3rEm6gB7XW5JdT60c6MN35Z85Q=="],

    "@rollup/rollup-win32-arm64-msvc": ["@rollup/rollup-win32-arm64-msvc@4.60.2", "", { "os": "win32", "cpu": "arm64" }, "sha512-NCYhOotpgWZ5kdxCZsv6Iudx0wX8980Q/oW4pNFNihpBKsDbEA1zpkfxJGC0yugsUuyDZ7gL37dbzwhR0VI7pQ=="],

    "@rollup/rollup-win32-ia32-msvc": ["@rollup/rollup-win32-ia32-msvc@4.60.2", "", { "os": "win32", "cpu": "ia32" }, "sha512-RXsaOqXxfoUBQoOgvmmijVxJnW2IGB0eoMO7F8FAjaj0UTywUO/luSqimWBJn04WNgUkeNhh7fs7pESXajWmkg=="],

    "@rollup/rollup-win32-x64-gnu": ["@rollup/rollup-win32-x64-gnu@4.60.2", "", { "os": "win32", "cpu": "x64" }, "sha512-qdAzEULD+/hzObedtmV6iBpdL5TIbKVztGiK7O3/KYSf+HIzU257+MX1EXJcyIiDbMAqmbwaufcYPvyRryeZtA=="],

    "@rollup/rollup-win32-x64-msvc": ["@rollup/rollup-win32-x64-msvc@4.60.2", "", { "os": "win32", "cpu": "x64" }, "sha512-Nd/SgG27WoA9e+/TdK74KnHz852TLa94ovOYySo/yMPuTmpckK/jIF2jSwS3g7ELSKXK13/cVdmg1Z/DaCWKxA=="],

    "@types/estree": ["@types/estree@1.0.8", "", {}, "sha512-dWHzHa2WqEXI/O1E9OjrocMTKJl2mSrEolh1Iomrv6U+JuNwaHXsXx9bLu5gG7BUWFIN0skIQJQ/L1rIex4X6w=="],

    "acorn": ["acorn@8.16.0", "", { "bin": { "acorn": "bin/acorn" } }, "sha512-UVJyE9MttOsBQIDKw1skb9nAwQuR5wuGD3+82K6JgJlm/Y+KI92oNsMNGZCYdDsVtRHSak0pcV5Dno5+4jh9sw=="],

    "acorn-walk": ["acorn-walk@8.3.5", "", { "dependencies": { "acorn": "^8.11.0" } }, "sha512-HEHNfbars9v4pgpW6SO1KSPkfoS0xVOM/9UzkJltjlsHZmJasxg8aXkuZa7SMf8vKGIBhpUsPluQSqhJFCqebw=="],

    "ansi-regex": ["ansi-regex@6.2.2", "", {}, "sha512-Bq3SmSpyFHaWjPk8If9yc6svM8c56dB5BAtW4Qbw5jHTwwXXcTLoRMkpDJp6VL0XzlWaCHTXrkFURMYmD0sLqg=="],

    "balanced-match": ["balanced-match@1.0.2", "", {}, "sha512-3oSeUO0TMV67hN1AmbXsK4yaqU7tjiHlbxRDZOpH0KW9+CeX4bRAaX0Anxt0tx2MrpRpWwQaPwIlISEJhYU5Pw=="],

    "brace-expansion": ["brace-expansion@1.1.14", "", { "dependencies": { "balanced-match": "^1.0.0", "concat-map": "0.0.1" } }, "sha512-MWPGfDxnyzKU7rNOW9SP/c50vi3xrmrua/+6hfPbCS2ABNWfx24vPidzvC7krjU/RTo235sV776ymlsMtGKj8g=="],

    "bundle-name": ["bundle-name@4.1.0", "", { "dependencies": { "run-applescript": "^7.0.0" } }, "sha512-tjwM5exMg6BGRI+kNmTntNsvdZS1X8BFYS6tnJ2hdH0kVxM6/eVZ2xy+FqStSWvYmtfFMDLIxurorHwDKfDz5Q=="],

    "concat-map": ["concat-map@0.0.1", "", {}, "sha512-/Srv4dswyQNBfohGpz9o6Yb3Gz3SrUDqBH5rTuhGR7ahtlbYKnVxw2bCFMRljaA7EXHaXZ8wsHdodFvbkhKmqg=="],

    "cross-spawn": ["cross-spawn@7.0.6", "", { "dependencies": { "path-key": "^3.1.0", "shebang-command": "^2.0.0", "which": "^2.0.1" } }, "sha512-uV2QOWP2nWzsy2aMp8aRibhi9dlzF5Hgh5SHaB9OiTGEyDTiJJyx0uy51QXdyWbtAHNua4XJzUKca3OzKUd3vA=="],

    "cuint": ["cuint@0.2.2", "", {}, "sha512-d4ZVpCW31eWwCMe1YT3ur7mUDnTXbgwyzaL320DrcRT45rfjYxkt5QWLrmOJ+/UEAI2+fQgKe/fCjR8l4TpRgw=="],

    "default-browser": ["default-browser@5.5.0", "", { "dependencies": { "bundle-name": "^4.1.0", "default-browser-id": "^5.0.0" } }, "sha512-H9LMLr5zwIbSxrmvikGuI/5KGhZ8E2zH3stkMgM5LpOWDutGM2JZaj460Udnf1a+946zc7YBgrqEWwbk7zHvGw=="],

    "default-browser-id": ["default-browser-id@5.0.1", "", {}, "sha512-x1VCxdX4t+8wVfd1so/9w+vQ4vx7lKd2Qp5tDRutErwmR85OgmfX7RlLRMWafRMY7hbEiXIbudNrjOAPa/hL8Q=="],

    "define-lazy-prop": ["define-lazy-prop@3.0.0", "", {}, "sha512-N+MeXYoqr3pOgn8xfyRPREN7gHakLYjhsHhWGT3fWAiL4IkAt0iDw14QiiEm2bE30c5XX5q0FtAA3CK5f9/BUg=="],

    "dom-serializer": ["dom-serializer@2.0.0", "", { "dependencies": { "domelementtype": "^2.3.0", "domhandler": "^5.0.2", "entities": "^4.2.0" } }, "sha512-wIkAryiqt/nV5EQKqQpo3SToSOV9J0DnbJqwK7Wv/Trc92zIAYZ4FlMu+JPFW1DfGFt81ZTCGgDEabffXeLyJg=="],

    "domelementtype": ["domelementtype@2.3.0", "", {}, "sha512-OLETBj6w0OsagBwdXnPdN0cnMfF9opN69co+7ZrbfPGrdpPVNBUj02spi6B1N7wChLQiPn4CSH/zJvXw56gmHw=="],

    "domhandler": ["domhandler@5.0.3", "", { "dependencies": { "domelementtype": "^2.3.0" } }, "sha512-cgwlv/1iFQiFnU96XXgROh8xTeetsnJiDsTc7TYCLFd9+/WNkIqPTxiM/8pSd8VIrhXGTf1Ny1q1hquVqDJB5w=="],

    "domutils": ["domutils@3.2.2", "", { "dependencies": { "dom-serializer": "^2.0.0", "domelementtype": "^2.3.0", "domhandler": "^5.0.3" } }, "sha512-6kZKyUajlDuqlHKVX1w7gyslj9MPIXzIFiz/rGu35uC1wMi+kMhQwGhl4lt9unC9Vb9INnY9Z3/ZA3+FhASLaw=="],

    "entities": ["entities@7.0.1", "", {}, "sha512-TWrgLOFUQTH994YUyl1yT4uyavY5nNB5muff+RtWaqNVCAK408b5ZnnbNAUEWLTCpum9w6arT70i1XdQ4UeOPA=="],

    "esbuild": ["esbuild@0.27.7", "", { "optionalDependencies": { "@esbuild/aix-ppc64": "0.27.7", "@esbuild/android-arm": "0.27.7", "@esbuild/android-arm64": "0.27.7", "@esbuild/android-x64": "0.27.7", "@esbuild/darwin-arm64": "0.27.7", "@esbuild/darwin-x64": "0.27.7", "@esbuild/freebsd-arm64": "0.27.7", "@esbuild/freebsd-x64": "0.27.7", "@esbuild/linux-arm": "0.27.7", "@esbuild/linux-arm64": "0.27.7", "@esbuild/linux-ia32": "0.27.7", "@esbuild/linux-loong64": "0.27.7", "@esbuild/linux-mips64el": "0.27.7", "@esbuild/linux-ppc64": "0.27.7", "@esbuild/linux-riscv64": "0.27.7", "@esbuild/linux-s390x": "0.27.7", "@esbuild/linux-x64": "0.27.7", "@esbuild/netbsd-arm64": "0.27.7", "@esbuild/netbsd-x64": "0.27.7", "@esbuild/openbsd-arm64": "0.27.7", "@esbuild/openbsd-x64": "0.27.7", "@esbuild/openharmony-arm64": "0.27.7", "@esbuild/sunos-x64": "0.27.7", "@esbuild/win32-arm64": "0.27.7", "@esbuild/win32-ia32": "0.27.7", "@esbuild/win32-x64": "0.27.7" }, "bin": { "esbuild": "bin/esbuild" } }, "sha512-IxpibTjyVnmrIQo5aqNpCgoACA/dTKLTlhMHihVHhdkxKyPO1uBBthumT0rdHmcsk9uMonIWS0m4FljWzILh3w=="],

    "fdir": ["fdir@6.5.0", "", { "peerDependencies": { "picomatch": "^3 || ^4" }, "optionalPeers": ["picomatch"] }, "sha512-tIbYtZbucOs0BRGqPJkshJUYdL+SDH7dVM8gjy+ERp3WAUjLEFJE+02kanyHtwjWOnwrKYBiwAmM0p4kLJAnXg=="],

    "fsevents": ["fsevents@2.3.3", "", { "os": "darwin" }, "sha512-5xoDfX+fL7faATnagmWPpbFtwh/R77WmMMqqHGS65C3vvB0YHrgF+B1YmZ3441tMj5n63k0212XNoJwzlhffQw=="],

    "get-east-asian-width": ["get-east-asian-width@1.5.0", "", {}, "sha512-CQ+bEO+Tva/qlmw24dCejulK5pMzVnUOFOijVogd3KQs07HnRIgp8TGipvCCRT06xeYEbpbgwaCxglFyiuIcmA=="],

    "htmlparser2": ["htmlparser2@10.1.0", "", { "dependencies": { "domelementtype": "^2.3.0", "domhandler": "^5.0.3", "domutils": "^3.2.2", "entities": "^7.0.1" } }, "sha512-VTZkM9GWRAtEpveh7MSF6SjjrpNVNNVJfFup7xTY3UpFtm67foy9HDVXneLtFVt4pMz5kZtgNcvCniNFb1hlEQ=="],

    "husky": ["husky@9.1.7", "", { "bin": { "husky": "bin.js" } }, "sha512-5gs5ytaNjBrh5Ow3zrvdUUY+0VxIuWVL4i9irt6friV+BqdCfmV11CQTWMiBYWHbXhco+J1kHfTOUkePhCDvMA=="],

    "import-meta-resolve": ["import-meta-resolve@4.2.0", "", {}, "sha512-Iqv2fzaTQN28s/FwZAoFq0ZSs/7hMAHJVX+w8PZl3cY19Pxk6jFFalxQoIfW2826i/fDLXv8IiEZRIT0lDuWcg=="],

    "is-docker": ["is-docker@3.0.0", "", { "bin": { "is-docker": "cli.js" } }, "sha512-eljcgEDlEns/7AXFosB5K/2nCM4P7FQPkGc/DWLy5rmFEWvZayGrik1d9/QIY5nJ4f9YsVvBkA6kJpHn9rISdQ=="],

    "is-inside-container": ["is-inside-container@1.0.0", "", { "dependencies": { "is-docker": "^3.0.0" }, "bin": { "is-inside-container": "cli.js" } }, "sha512-KIYLCCJghfHZxqjYBE7rEy0OBuTd5xCHS7tHVgvCLkx7StIoaxwNW3hCALgEUjFfeRk+MG/Qxmp/vtETEF3tRA=="],

    "is-wsl": ["is-wsl@3.1.1", "", { "dependencies": { "is-inside-container": "^1.0.0" } }, "sha512-e6rvdUCiQCAuumZslxRJWR/Doq4VpPR82kqclvcS0efgt430SlGIk05vdCN58+VrzgtIcfNODjozVielycD4Sw=="],

    "isexe": ["isexe@2.0.0", "", {}, "sha512-RHxMLp9lnKHGHRng9QFhRCMbYAcVpn69smSGcq3f36xjgVVWThj4qqLbTLlq7Ssj8B+fIQ1EuCEGI2lKsyQeIw=="],

    "magic-string": ["magic-string@0.30.21", "", { "dependencies": { "@jridgewell/sourcemap-codec": "^1.5.5" } }, "sha512-vd2F4YUyEXKGcLHoq+TEyCjxueSeHnFxyyjNp80yg0XV4vUhnDer/lvvlqM/arB5bXQN5K2/3oinyCRyx8T2CQ=="],

    "make-dir": ["make-dir@3.1.0", "", { "dependencies": { "semver": "^6.0.0" } }, "sha512-g3FeP20LNwhALb/6Cz6Dd4F2ngze0jz7tbzrD2wAV+o9FeNHe4rL+yK2md0J/fiSf1sa1ADhXqi5+oVwOM/eGw=="],

    "mime": ["mime@2.5.2", "", { "bin": { "mime": "cli.js" } }, "sha512-tqkh47FzKeCPD2PUiPB6pkbMzsCasjxAfC62/Wap5qrUWcb+sFasXUC5I3gYM5iBM8v/Qpn4UK0x+j0iHyFPDg=="],

    "minimatch": ["minimatch@3.0.8", "", { "dependencies": { "brace-expansion": "^1.1.7" } }, "sha512-6FsRAQsxQ61mw+qP1ZzbL9Bc78x2p5OqNgNpnoAFLTrX8n5Kxph0CsnhmKKNXTWjXqU5L0pGPR7hYk+XWZr60Q=="],

    "mrmime": ["mrmime@2.0.1", "", {}, "sha512-Y3wQdFg2Va6etvQ5I82yUhGdsKrcYox6p7FfL1LbK2J4V01F9TGlepTIhnK24t7koZibmg82KGglhA1XK5IsLQ=="],

    "nanoid": ["nanoid@3.3.11", "", { "bin": { "nanoid": "bin/nanoid.cjs" } }, "sha512-N8SpfPUnUp1bK+PMYW8qSWdl9U+wwNWI4QKxOYDy9JAro3WMX7p2OeVRF9v+347pnakNevPmiHhNmZ2HbFA76w=="],

    "open": ["open@10.2.0", "", { "dependencies": { "default-browser": "^5.2.1", "define-lazy-prop": "^3.0.0", "is-inside-container": "^1.0.0", "wsl-utils": "^0.1.0" } }, "sha512-YgBpdJHPyQ2UE5x+hlSXcnejzAvD0b22U2OuAP+8OnlJT+PjWPxtgmGqKKc+RgTM63U9gN0YzrYc71R2WT/hTA=="],

    "path-key": ["path-key@3.1.1", "", {}, "sha512-ojmeN0qd+y0jszEtoY48r0Peq5dwMEkIlCOu6Q5f41lfkswXuKtYrhgoTpLnyIcHm24Uhqx+5Tqm2InSwLhE6Q=="],

    "picocolors": ["picocolors@1.1.1", "", {}, "sha512-xceH2snhtb5M9liqDsmEw56le376mTZkEX/jEb/RxNFyegNul7eNslCXP9FDj/Lcu0X8KEyMceP2ntpaHrDEVA=="],

    "picomatch": ["picomatch@4.0.4", "", {}, "sha512-QP88BAKvMam/3NxH6vj2o21R6MjxZUAd6nlwAS/pnGvN9IVLocLHxGYIzFhg6fUQ+5th6P4dv4eW9jX3DSIj7A=="],

    "postcss": ["postcss@8.5.10", "", { "dependencies": { "nanoid": "^3.3.11", "picocolors": "^1.1.1", "source-map-js": "^1.2.1" } }, "sha512-pMMHxBOZKFU6HgAZ4eyGnwXF/EvPGGqUr0MnZ5+99485wwW41kW91A4LOGxSHhgugZmSChL5AlElNdwlNgcnLQ=="],

    "postcss-url": ["postcss-url@10.1.3", "", { "dependencies": { "make-dir": "~3.1.0", "mime": "~2.5.2", "minimatch": "~3.0.4", "xxhashjs": "~0.2.2" }, "peerDependencies": { "postcss": "^8.0.0" } }, "sha512-FUzyxfI5l2tKmXdYc6VTu3TWZsInayEKPbiyW+P6vmmIrrb4I6CGX0BFoewgYHLK+oIL5FECEK02REYRpBvUCw=="],

    "rollup": ["rollup@4.60.2", "", { "dependencies": { "@types/estree": "1.0.8" }, "optionalDependencies": { "@rollup/rollup-android-arm-eabi": "4.60.2", "@rollup/rollup-android-arm64": "4.60.2", "@rollup/rollup-darwin-arm64": "4.60.2", "@rollup/rollup-darwin-x64": "4.60.2", "@rollup/rollup-freebsd-arm64": "4.60.2", "@rollup/rollup-freebsd-x64": "4.60.2", "@rollup/rollup-linux-arm-gnueabihf": "4.60.2", "@rollup/rollup-linux-arm-musleabihf": "4.60.2", "@rollup/rollup-linux-arm64-gnu": "4.60.2", "@rollup/rollup-linux-arm64-musl": "4.60.2", "@rollup/rollup-linux-loong64-gnu": "4.60.2", "@rollup/rollup-linux-loong64-musl": "4.60.2", "@rollup/rollup-linux-ppc64-gnu": "4.60.2", "@rollup/rollup-linux-ppc64-musl": "4.60.2", "@rollup/rollup-linux-riscv64-gnu": "4.60.2", "@rollup/rollup-linux-riscv64-musl": "4.60.2", "@rollup/rollup-linux-s390x-gnu": "4.60.2", "@rollup/rollup-linux-x64-gnu": "4.60.2", "@rollup/rollup-linux-x64-musl": "4.60.2", "@rollup/rollup-openbsd-x64": "4.60.2", "@rollup/rollup-openharmony-arm64": "4.60.2", "@rollup/rollup-win32-arm64-msvc": "4.60.2", "@rollup/rollup-win32-ia32-msvc": "4.60.2", "@rollup/rollup-win32-x64-gnu": "4.60.2", "@rollup/rollup-win32-x64-msvc": "4.60.2", "fsevents": "~2.3.2" }, "bin": { "rollup": "dist/bin/rollup" } }, "sha512-J9qZyW++QK/09NyN/zeO0dG/1GdGfyp9lV8ajHnRVLfo/uFsbji5mHnDgn/qYdUHyCkM2N+8VyspgZclfAh0eQ=="],

    "run-applescript": ["run-applescript@7.1.0", "", {}, "sha512-DPe5pVFaAsinSaV6QjQ6gdiedWDcRCbUuiQfQa2wmWV7+xC9bGulGI8+TdRmoFkAPaBXk8CrAbnlY2ISniJ47Q=="],

    "semver": ["semver@6.3.1", "", { "bin": { "semver": "bin/semver.js" } }, "sha512-BR7VvDCVHO+q2xBEWskxS6DJE1qRnb7DxzUrogb71CWoSficBxYsiAGd+Kl0mmq/MprG9yArRkyrQxTO6XjMzA=="],

    "shebang-command": ["shebang-command@2.0.0", "", { "dependencies": { "shebang-regex": "^3.0.0" } }, "sha512-kHxr2zZpYtdmrN1qDjrrX/Z1rR1kG8Dx+gkpK1G4eXmvXswmcE1hTWBWYUzlraYw1/yZp6YuDY77YtvbN0dmDA=="],

    "shebang-regex": ["shebang-regex@3.0.0", "", {}, "sha512-7++dFhtcx3353uBaq8DDR4NuxBetBzC7ZQOhmTQInHEd6bSrXdiEyzCvG07Z44UYdLShWUyXt5M/yhz8ekcb1A=="],

    "source-map-js": ["source-map-js@1.2.1", "", {}, "sha512-UXWMKhLOwVKb728IUtQPXxfYU+usdybtUrK/8uGE8CQMvrhOpwvzDBwj0QhSL7MQc7vIsISBG8VQ8+IDQxpfQA=="],

    "string-width": ["string-width@8.2.0", "", { "dependencies": { "get-east-asian-width": "^1.5.0", "strip-ansi": "^7.1.2" } }, "sha512-6hJPQ8N0V0P3SNmP6h2J99RLuzrWz2gvT7VnK5tKvrNqJoyS9W4/Fb8mo31UiPvy00z7DQXkP2hnKBVav76thw=="],

    "strip-ansi": ["strip-ansi@7.2.0", "", { "dependencies": { "ansi-regex": "^6.2.2" } }, "sha512-yDPMNjp4WyfYBkHnjIRLfca1i6KMyGCtsVgoKe/z1+6vukgaENdgGBZt+ZmKPc4gavvEZ5OgHfHdrazhgNyG7w=="],

    "systemjs": ["systemjs@6.15.1", "", {}, "sha512-Nk8c4lXvMB98MtbmjX7JwJRgJOL8fluecYCfCeYBznwmpOs8Bf15hLM6z4z71EDAhQVrQrI+wt1aLWSXZq+hXA=="],

    "tinyglobby": ["tinyglobby@0.2.16", "", { "dependencies": { "fdir": "^6.5.0", "picomatch": "^4.0.4" } }, "sha512-pn99VhoACYR8nFHhxqix+uvsbXineAasWm5ojXoN8xEwK5Kd3/TrhNn1wByuD52UxWRLy8pu+kRMniEi6Eq9Zg=="],

    "typescript": ["typescript@5.9.3", "", { "bin": { "tsc": "bin/tsc", "tsserver": "bin/tsserver" } }, "sha512-jl1vZzPDinLr9eUt3J/t7V6FgNEw9QjvBPdysz9KfQDD41fQrC2Y4vKQdiaUpFT4bXlb1RHhLpp8wtm6M5TgSw=="],

    "vite": ["vite@7.3.2", "", { "dependencies": { "esbuild": "^0.27.0", "fdir": "^6.5.0", "picomatch": "^4.0.3", "postcss": "^8.5.6", "rollup": "^4.43.0", "tinyglobby": "^0.2.15" }, "optionalDependencies": { "fsevents": "~2.3.3" }, "peerDependencies": { "@types/node": "^20.19.0 || >=22.12.0", "jiti": ">=1.21.0", "less": "^4.0.0", "lightningcss": "^1.21.0", "sass": "^1.70.0", "sass-embedded": "^1.70.0", "stylus": ">=0.54.8", "sugarss": "^5.0.0", "terser": "^5.16.0", "tsx": "^4.8.1", "yaml": "^2.4.2" }, "optionalPeers": ["@types/node", "jiti", "less", "lightningcss", "sass", "sass-embedded", "stylus", "sugarss", "terser", "tsx", "yaml"], "bin": { "vite": "bin/vite.js" } }, "sha512-Bby3NOsna2jsjfLVOHKes8sGwgl4TT0E6vvpYgnAYDIF/tie7MRaFthmKuHx1NSXjiTueXH3do80FMQgvEktRg=="],

    "vite-plugin-monkey": ["vite-plugin-monkey@7.1.9", "", { "dependencies": { "acorn": "^8.15.0", "acorn-walk": "^8.3.4", "cross-spawn": "^7.0.6", "htmlparser2": "^10.0.0", "import-meta-resolve": "^4.1.0", "magic-string": "^0.30.17", "mrmime": "^2.0.1", "open": "^10.2.0", "picocolors": "^1.1.1", "postcss-url": "^10.1.3", "systemjs": "^6.15.1" }, "peerDependencies": { "vite": "^6.0.0 || ^7.0.0" }, "optionalPeers": ["vite"] }, "sha512-kYtcRH8DsbrwfugrviYRuk50weY5yyVKcuGRkjUSc7mK0uPFtOHK8sUSEecpiS9725IF/4uyum8bYHs7dswDBg=="],

    "which": ["which@2.0.2", "", { "dependencies": { "isexe": "^2.0.0" }, "bin": { "node-which": "./bin/node-which" } }, "sha512-BLI3Tl1TW3Pvl70l3yq3Y64i+awpwXqsGBYWkkqMtnbXgrMD+yj7rhW0kuEDxzJaYXGjEW5ogapKNMEKNMjibA=="],

    "wsl-utils": ["wsl-utils@0.1.0", "", { "dependencies": { "is-wsl": "^3.1.0" } }, "sha512-h3Fbisa2nKGPxCpm89Hk33lBLsnaGBvctQopaBSOW/uIs6FTe1ATyAnKFJrzVs9vpGdsTe73WF3V4lIsk4Gacw=="],

    "xxhashjs": ["xxhashjs@0.2.2", "", { "dependencies": { "cuint": "^0.2.2" } }, "sha512-AkTuIuVTET12tpsVIQo+ZU6f/qDmKuRUcjaqR+OIvm+aCBsZ95i7UVY5WJ9TMsSaZ0DA2WxoZ4acu0sPH+OKAw=="],

    "dom-serializer/entities": ["entities@4.5.0", "", {}, "sha512-V0hjH4dGPh9Ao5p0MoRY6BVqtwCjhz6vI5LT8AJ55H+4g9/4vbHx1I54fS0XuclLhDHArPQCiMjDxjaL8fPxhw=="],
  }
}
